
Microsoft Visual Studio Solution File, Format Version 12.00
# Visual Studio Version 17
VisualStudioVersion = 17.13.35818.85 d17.13
MinimumVisualStudioVersion = 10.0.40219.1
Project("{FAE04EC0-301F-11D3-BF4B-00C04F79EFBC}") = "WebApplication1", "WebApplication1\WebApplication1.csproj", "{48F4EA4A-8DFF-4077-A47D-1BCB179AC820}"
EndProject
Global
	GlobalSection(SolutionConfigurationPlatforms) = preSolution
		Debug|Any CPU = Debug|Any CPU
		Release|Any CPU = Release|Any CPU
	EndGlobalSection
	GlobalSection(ProjectConfigurationPlatforms) = postSolution
		{48F4EA4A-8DFF-4077-A47D-1BCB179AC820}.Debug|Any CPU.ActiveCfg = Debug|Any CPU
		{48F4EA4A-8DFF-4077-A47D-1BCB179AC820}.Debug|Any CPU.Build.0 = Debug|Any CPU
		{48F4EA4A-8DFF-4077-A47D-1BCB179AC820}.Release|Any CPU.ActiveCfg = Release|Any CPU
		{48F4EA4A-8DFF-4077-A47D-1BCB179AC820}.Release|Any CPU.Build.0 = Release|Any CPU
	EndGlobalSection
	GlobalSection(SolutionProperties) = preSolution
		HideSolutionNode = FALSE
	EndGlobalSection
	GlobalSection(ExtensibilityGlobals) = postSolution
		SolutionGuid = {03338477-C1DD-4AB7-ADAB-4C6CA6A6C845}
	EndGlobalSection
EndGlobal
